
Microsoft Visual Studio Solution File, Format Version 12.00
# Visual Studio Version 17
VisualStudioVersion = 17.13.35931.197 d17.13
MinimumVisualStudioVersion = 10.0.40219.1
Project("{FAE04EC0-301F-11D3-BF4B-00C04F79EFBC}") = "Console_CanablePro_Test", "Console_CanablePro_Test\Console_CanablePro_Test.csproj", "{6B495EC1-B360-4F46-87E1-D489B5073B86}"
EndProject
Global
	GlobalSection(SolutionConfigurationPlatforms) = preSolution
		Debug|Any CPU = Debug|Any CPU
		Release|Any CPU = Release|Any CPU
	EndGlobalSection
	GlobalSection(ProjectConfigurationPlatforms) = postSolution
		{6B495EC1-B360-4F46-87E1-D489B5073B86}.Debug|Any CPU.ActiveCfg = Debug|Any CPU
		{6B495EC1-B360-4F46-87E1-D489B5073B86}.Debug|Any CPU.Build.0 = Debug|Any CPU
		{6B495EC1-B360-4F46-87E1-D489B5073B86}.Release|Any CPU.ActiveCfg = Release|Any CPU
		{6B495EC1-B360-4F46-87E1-D489B5073B86}.Release|Any CPU.Build.0 = Release|Any CPU
	EndGlobalSection
	GlobalSection(SolutionProperties) = preSolution
		HideSolutionNode = FALSE
	EndGlobalSection
	GlobalSection(ExtensibilityGlobals) = postSolution
		SolutionGuid = {4AE5AADB-8E01-4635-BD54-DE5499EF6BAE}
	EndGlobalSection
EndGlobal
