
Microsoft Visual Studio Solution File, Format Version 12.00
# Visual Studio Version 16
VisualStudioVersion = 16.0.36324.18
MinimumVisualStudioVersion = 10.0.40219.1
Project("{FAE04EC0-301F-11D3-BF4B-00C04F79EFBC}") = "UA_CAN", "UA_CAN\UA_CAN.csproj", "{3FB9A8A9-30AC-48F6-AC68-4FB390F31F49}"
EndProject
Global
	GlobalSection(SolutionConfigurationPlatforms) = preSolution
		Debug|Any CPU = Debug|Any CPU
		Release|Any CPU = Release|Any CPU
	EndGlobalSection
	GlobalSection(ProjectConfigurationPlatforms) = postSolution
		{3FB9A8A9-30AC-48F6-AC68-4FB390F31F49}.Debug|Any CPU.ActiveCfg = Debug|Any CPU
		{3FB9A8A9-30AC-48F6-AC68-4FB390F31F49}.Debug|Any CPU.Build.0 = Debug|Any CPU
		{3FB9A8A9-30AC-48F6-AC68-4FB390F31F49}.Release|Any CPU.ActiveCfg = Release|Any CPU
		{3FB9A8A9-30AC-48F6-AC68-4FB390F31F49}.Release|Any CPU.Build.0 = Release|Any CPU
	EndGlobalSection
	GlobalSection(SolutionProperties) = preSolution
		HideSolutionNode = FALSE
	EndGlobalSection
	GlobalSection(ExtensibilityGlobals) = postSolution
		SolutionGuid = {715774C7-B53C-4D04-8F32-B124BD244719}
	EndGlobalSection
EndGlobal
